
Microsoft Visual Studio Solution File, Format Version 12.00
# Visual Studio Version 16
VisualStudioVersion = 16.0.29503.13
MinimumVisualStudioVersion = 10.0.40219.1
Project("{FAE04EC0-301F-11D3-BF4B-00C04F79EFBC}") = "SquareLib", "SquareLib\SquareLib.csproj", "{6F1D161E-97BC-467B-B9B4-4FC4D865C5D5}"
EndProject
Project("{FAE04EC0-301F-11D3-BF4B-00C04F79EFBC}") = "SquareDLL", "SquareDLL\SquareDLL.csproj", "{D7BECE97-6ED1-4F9F-AD27-E94E749B55B0}"
EndProject
Global
	GlobalSection(SolutionConfigurationPlatforms) = preSolution
		Debug|Any CPU = Debug|Any CPU
		Release|Any CPU = Release|Any CPU
	EndGlobalSection
	GlobalSection(ProjectConfigurationPlatforms) = postSolution
		{6F1D161E-97BC-467B-B9B4-4FC4D865C5D5}.Debug|Any CPU.ActiveCfg = Debug|Any CPU
		{6F1D161E-97BC-467B-B9B4-4FC4D865C5D5}.Debug|Any CPU.Build.0 = Debug|Any CPU
		{6F1D161E-97BC-467B-B9B4-4FC4D865C5D5}.Release|Any CPU.ActiveCfg = Release|Any CPU
		{6F1D161E-97BC-467B-B9B4-4FC4D865C5D5}.Release|Any CPU.Build.0 = Release|Any CPU
		{D7BECE97-6ED1-4F9F-AD27-E94E749B55B0}.Debug|Any CPU.ActiveCfg = Debug|Any CPU
		{D7BECE97-6ED1-4F9F-AD27-E94E749B55B0}.Debug|Any CPU.Build.0 = Debug|Any CPU
		{D7BECE97-6ED1-4F9F-AD27-E94E749B55B0}.Release|Any CPU.ActiveCfg = Release|Any CPU
		{D7BECE97-6ED1-4F9F-AD27-E94E749B55B0}.Release|Any CPU.Build.0 = Release|Any CPU
	EndGlobalSection
	GlobalSection(SolutionProperties) = preSolution
		HideSolutionNode = FALSE
	EndGlobalSection
	GlobalSection(ExtensibilityGlobals) = postSolution
		SolutionGuid = {80A912F6-BA95-402D-B897-D198933754FC}
	EndGlobalSection
EndGlobal
